
Microsoft Visual Studio Solution File, Format Version 12.00
# Visual Studio Version 17
VisualStudioVersion = 17.2.32505.173
MinimumVisualStudioVersion = 10.0.40219.1
Project("{FAE04EC0-301F-11D3-BF4B-00C04F79EFBC}") = "Lab16", "Lab16.csproj", "{0435497E-877E-45BE-AB4F-6D3592D419AF}"
EndProject
Global
	GlobalSection(SolutionConfigurationPlatforms) = preSolution
		Debug|Any CPU = Debug|Any CPU
		Release|Any CPU = Release|Any CPU
	EndGlobalSection
	GlobalSection(ProjectConfigurationPlatforms) = postSolution
		{0435497E-877E-45BE-AB4F-6D3592D419AF}.Debug|Any CPU.ActiveCfg = Debug|Any CPU
		{0435497E-877E-45BE-AB4F-6D3592D419AF}.Debug|Any CPU.Build.0 = Debug|Any CPU
		{0435497E-877E-45BE-AB4F-6D3592D419AF}.Release|Any CPU.ActiveCfg = Release|Any CPU
		{0435497E-877E-45BE-AB4F-6D3592D419AF}.Release|Any CPU.Build.0 = Release|Any CPU
	EndGlobalSection
	GlobalSection(SolutionProperties) = preSolution
		HideSolutionNode = FALSE
	EndGlobalSection
	GlobalSection(ExtensibilityGlobals) = postSolution
		SolutionGuid = {7E25444A-7922-460F-8CE7-AEA7D0223123}
	EndGlobalSection
EndGlobal
