
Microsoft Visual Studio Solution File, Format Version 12.00
# Visual Studio Version 17
VisualStudioVersion = 17.1.32210.238
MinimumVisualStudioVersion = 10.0.40219.1
Project("{FAE04EC0-301F-11D3-BF4B-00C04F79EFBC}") = "lab06", "lab06.csproj", "{ED5CE25F-656D-4109-9B00-62E9CF6FD41A}"
EndProject
Global
	GlobalSection(SolutionConfigurationPlatforms) = preSolution
		Debug|Any CPU = Debug|Any CPU
		Release|Any CPU = Release|Any CPU
	EndGlobalSection
	GlobalSection(ProjectConfigurationPlatforms) = postSolution
		{ED5CE25F-656D-4109-9B00-62E9CF6FD41A}.Debug|Any CPU.ActiveCfg = Debug|Any CPU
		{ED5CE25F-656D-4109-9B00-62E9CF6FD41A}.Debug|Any CPU.Build.0 = Debug|Any CPU
		{ED5CE25F-656D-4109-9B00-62E9CF6FD41A}.Release|Any CPU.ActiveCfg = Release|Any CPU
		{ED5CE25F-656D-4109-9B00-62E9CF6FD41A}.Release|Any CPU.Build.0 = Release|Any CPU
	EndGlobalSection
	GlobalSection(SolutionProperties) = preSolution
		HideSolutionNode = FALSE
	EndGlobalSection
	GlobalSection(ExtensibilityGlobals) = postSolution
		SolutionGuid = {DE09C80D-F566-41D6-B1C1-0CDBE20E706E}
	EndGlobalSection
EndGlobal
